<Solution Description="Visual Studio slnx file generated by Premake" Version="1.4">
  <Configurations>
    <BuildType Name="debug" />
    <BuildType Name="release" />
    <Platform Name="x64" />
  </Configurations>
  <Project Path="assembler\asm_src\assembler.vcxproj" Id="4354C4BE-AFBE-7835-F8FC-29DB64A6568A">
  </Project>
  <Project Path="assembler\app_src\assembler-app.vcxproj" Id="5116A575-BDD6-20AC-8611-6A29F2906588">
  </Project>
  <Project Path="compiler\compiler.vcxproj" Id="60661140-4C33-6C4B-754C-5AF36178A1D9" DefaultStartup="true">
  </Project>
  <Project Path="core\core.vcxproj" Id="4E40957C-3A77-960D-E363-7C10CF79120F">
  </Project>
  <Project Path="cpu-instr-gen\cpu-instr-gen.vcxproj" Id="D115EC28-3DD6-675F-0611-B1DC7290AC3B">
  </Project>
  <Project Path="file-system-manager\file-system-manager.vcxproj" Id="BF2EBEC0-2B90-9BCE-B4FD-E180205ED28D">
  </Project>
</Solution>